
Microsoft Visual Studio Solution File, Format Version 12.00
# Visual Studio Version 16
VisualStudioVersion = 16.0.29519.87
MinimumVisualStudioVersion = 10.0.40219.1
Project("{FAE04EC0-301F-11D3-BF4B-00C04F79EFBC}") = "App1", "App1\App1.csproj", "{2833BAE3-3219-48BD-A5BC-20BCAA681B5A}"
EndProject
Global
	GlobalSection(SolutionConfigurationPlatforms) = preSolution
		Debug|ARM = Debug|ARM
		Debug|ARM64 = Debug|ARM64
		Debug|x64 = Debug|x64
		Debug|x86 = Debug|x86
		Release|ARM = Release|ARM
		Release|ARM64 = Release|ARM64
		Release|x64 = Release|x64
		Release|x86 = Release|x86
	EndGlobalSection
	GlobalSection(ProjectConfigurationPlatforms) = postSolution
		{2833BAE3-3219-48BD-A5BC-20BCAA681B5A}.Debug|ARM.ActiveCfg = Debug|ARM
		{2833BAE3-3219-48BD-A5BC-20BCAA681B5A}.Debug|ARM.Build.0 = Debug|ARM
		{2833BAE3-3219-48BD-A5BC-20BCAA681B5A}.Debug|ARM.Deploy.0 = Debug|ARM
		{2833BAE3-3219-48BD-A5BC-20BCAA681B5A}.Debug|ARM64.ActiveCfg = Debug|ARM64
		{2833BAE3-3219-48BD-A5BC-20BCAA681B5A}.Debug|ARM64.Build.0 = Debug|ARM64
		{2833BAE3-3219-48BD-A5BC-20BCAA681B5A}.Debug|ARM64.Deploy.0 = Debug|ARM64
		{2833BAE3-3219-48BD-A5BC-20BCAA681B5A}.Debug|x64.ActiveCfg = Debug|x64
		{2833BAE3-3219-48BD-A5BC-20BCAA681B5A}.Debug|x64.Build.0 = Debug|x64
		{2833BAE3-3219-48BD-A5BC-20BCAA681B5A}.Debug|x64.Deploy.0 = Debug|x64
		{2833BAE3-3219-48BD-A5BC-20BCAA681B5A}.Debug|x86.ActiveCfg = Debug|x86
		{2833BAE3-3219-48BD-A5BC-20BCAA681B5A}.Debug|x86.Build.0 = Debug|x86
		{2833BAE3-3219-48BD-A5BC-20BCAA681B5A}.Debug|x86.Deploy.0 = Debug|x86
		{2833BAE3-3219-48BD-A5BC-20BCAA681B5A}.Release|ARM.ActiveCfg = Release|ARM
		{2833BAE3-3219-48BD-A5BC-20BCAA681B5A}.Release|ARM.Build.0 = Release|ARM
		{2833BAE3-3219-48BD-A5BC-20BCAA681B5A}.Release|ARM.Deploy.0 = Release|ARM
		{2833BAE3-3219-48BD-A5BC-20BCAA681B5A}.Release|ARM64.ActiveCfg = Release|ARM64
		{2833BAE3-3219-48BD-A5BC-20BCAA681B5A}.Release|ARM64.Build.0 = Release|ARM64
		{2833BAE3-3219-48BD-A5BC-20BCAA681B5A}.Release|ARM64.Deploy.0 = Release|ARM64
		{2833BAE3-3219-48BD-A5BC-20BCAA681B5A}.Release|x64.ActiveCfg = Release|x64
		{2833BAE3-3219-48BD-A5BC-20BCAA681B5A}.Release|x64.Build.0 = Release|x64
		{2833BAE3-3219-48BD-A5BC-20BCAA681B5A}.Release|x64.Deploy.0 = Release|x64
		{2833BAE3-3219-48BD-A5BC-20BCAA681B5A}.Release|x86.ActiveCfg = Release|x86
		{2833BAE3-3219-48BD-A5BC-20BCAA681B5A}.Release|x86.Build.0 = Release|x86
		{2833BAE3-3219-48BD-A5BC-20BCAA681B5A}.Release|x86.Deploy.0 = Release|x86
	EndGlobalSection
	GlobalSection(SolutionProperties) = preSolution
		HideSolutionNode = FALSE
	EndGlobalSection
	GlobalSection(ExtensibilityGlobals) = postSolution
		SolutionGuid = {0FE5F001-5C77-4599-8DED-E4249F5E62A5}
	EndGlobalSection
EndGlobal
